// !$*UTF8*$!
{
	archiveVersion = 1;
	classes = {
	};
	objectVersion = 46;
	objects = {

/* Begin PBXBuildFile section */
		A142798B19502FB400DEF85F /* Foundation.framework in Frameworks */ = {isa = PBXBuildFile; fileRef = A142798A19502FB400DEF85F /* Foundation.framework */; };
		A142798D19502FB400DEF85F /* CoreGraphics.framework in Frameworks */ = {isa = PBXBuildFile; fileRef = A142798C19502FB400DEF85F /* CoreGraphics.framework */; };
		A142798F19502FB400DEF85F /* UIKit.framework in Frameworks */ = {isa = PBXBuildFile; fileRef = A142798E19502FB400DEF85F /* UIKit.framework */; };
		A142799519502FB400DEF85F /* InfoPlist.strings in Resources */ = {isa = PBXBuildFile; fileRef = A142799319502FB400DEF85F /* InfoPlist.strings */; };
		A142799719502FB400DEF85F /* main.m in Sources */ = {isa = PBXBuildFile; fileRef = A142799619502FB400DEF85F /* main.m */; };
		A142799B19502FB400DEF85F /* AppDelegate.m in Sources */ = {isa = PBXBuildFile; fileRef = A142799A19502FB400DEF85F /* AppDelegate.m */; };
		A142799D19502FB400DEF85F /* Images.xcassets in Resources */ = {isa = PBXBuildFile; fileRef = A142799C19502FB400DEF85F /* Images.xcassets */; };
		A14279A419502FB400DEF85F /* XCTest.framework in Frameworks */ = {isa = PBXBuildFile; fileRef = A14279A319502FB400DEF85F /* XCTest.framework */; };
		A14279A519502FB400DEF85F /* Foundation.framework in Frameworks */ = {isa = PBXBuildFile; fileRef = A142798A19502FB400DEF85F /* Foundation.framework */; };
		A14279A619502FB400DEF85F /* UIKit.framework in Frameworks */ = {isa = PBXBuildFile; fileRef = A142798E19502FB400DEF85F /* UIKit.framework */; };
		A14279AE19502FB400DEF85F /* InfoPlist.strings in Resources */ = {isa = PBXBuildFile; fileRef = A14279AC19502FB400DEF85F /* InfoPlist.strings */; };
		A14279B019502FB400DEF85F /* ngwspayTests.m in Sources */ = {isa = PBXBuildFile; fileRef = A14279AF19502FB400DEF85F /* ngwspayTests.m */; };
		A16622791952F418008BB890 /* OperatorsInit.m in Sources */ = {isa = PBXBuildFile; fileRef = A16622781952F418008BB890 /* OperatorsInit.m */; };
		A166227C19532D14008BB890 /* OperatorsView.m in Sources */ = {isa = PBXBuildFile; fileRef = A166227B19532D14008BB890 /* OperatorsView.m */; };
		A16D2FCE195178F600E22DDE /* ServicesInit.m in Sources */ = {isa = PBXBuildFile; fileRef = A16D2FCD195178F600E22DDE /* ServicesInit.m */; };
		A1C39DBD19BD525D003C6546 /* refs.json in Resources */ = {isa = PBXBuildFile; fileRef = A1C39DBC19BD525D003C6546 /* refs.json */; };
		A1C653B21950882600F19152 /* ngwspay.storyboard in Resources */ = {isa = PBXBuildFile; fileRef = A1C653B11950882600F19152 /* ngwspay.storyboard */; };
		A1C653B51950891300F19152 /* ServicesView.m in Sources */ = {isa = PBXBuildFile; fileRef = A1C653B41950891300F19152 /* ServicesView.m */; };
		A1EB864A1962648D0098F102 /* FormsView.m in Sources */ = {isa = PBXBuildFile; fileRef = A1EB86491962648D0098F102 /* FormsView.m */; };
		A1EB864D196264A80098F102 /* FormsInit.m in Sources */ = {isa = PBXBuildFile; fileRef = A1EB864C196264A80098F102 /* FormsInit.m */; };
/* End PBXBuildFile section */

/* Begin PBXContainerItemProxy section */
		A14279A719502FB400DEF85F /* PBXContainerItemProxy */ = {
			isa = PBXContainerItemProxy;
			containerPortal = A142797F19502FB400DEF85F /* Project object */;
			proxyType = 1;
			remoteGlobalIDString = A142798619502FB400DEF85F;
			remoteInfo = ngwspay;
		};
/* End PBXContainerItemProxy section */

/* Begin PBXFileReference section */
		A142798719502FB400DEF85F /* ngwspay.app */ = {isa = PBXFileReference; explicitFileType = wrapper.application; includeInIndex = 0; path = ngwspay.app; sourceTree = BUILT_PRODUCTS_DIR; };
		A142798A19502FB400DEF85F /* Foundation.framework */ = {isa = PBXFileReference; lastKnownFileType = wrapper.framework; name = Foundation.framework; path = System/Library/Frameworks/Foundation.framework; sourceTree = SDKROOT; };
		A142798C19502FB400DEF85F /* CoreGraphics.framework */ = {isa = PBXFileReference; lastKnownFileType = wrapper.framework; name = CoreGraphics.framework; path = System/Library/Frameworks/CoreGraphics.framework; sourceTree = SDKROOT; };
		A142798E19502FB400DEF85F /* UIKit.framework */ = {isa = PBXFileReference; lastKnownFileType = wrapper.framework; name = UIKit.framework; path = System/Library/Frameworks/UIKit.framework; sourceTree = SDKROOT; };
		A142799219502FB400DEF85F /* ngwspay-Info.plist */ = {isa = PBXFileReference; lastKnownFileType = text.plist.xml; path = "ngwspay-Info.plist"; sourceTree = "<group>"; };
		A142799419502FB400DEF85F /* en */ = {isa = PBXFileReference; lastKnownFileType = text.plist.strings; name = en; path = en.lproj/InfoPlist.strings; sourceTree = "<group>"; };
		A142799619502FB400DEF85F /* main.m */ = {isa = PBXFileReference; lastKnownFileType = sourcecode.c.objc; path = main.m; sourceTree = "<group>"; };
		A142799819502FB400DEF85F /* ngwspay-Prefix.pch */ = {isa = PBXFileReference; lastKnownFileType = sourcecode.c.h; path = "ngwspay-Prefix.pch"; sourceTree = "<group>"; };
		A142799919502FB400DEF85F /* AppDelegate.h */ = {isa = PBXFileReference; lastKnownFileType = sourcecode.c.h; path = AppDelegate.h; sourceTree = "<group>"; };
		A142799A19502FB400DEF85F /* AppDelegate.m */ = {isa = PBXFileReference; lastKnownFileType = sourcecode.c.objc; path = AppDelegate.m; sourceTree = "<group>"; };
		A142799C19502FB400DEF85F /* Images.xcassets */ = {isa = PBXFileReference; lastKnownFileType = folder.assetcatalog; path = Images.xcassets; sourceTree = "<group>"; };
		A14279A219502FB400DEF85F /* ngwspayTests.xctest */ = {isa = PBXFileReference; explicitFileType = wrapper.cfbundle; includeInIndex = 0; path = ngwspayTests.xctest; sourceTree = BUILT_PRODUCTS_DIR; };
		A14279A319502FB400DEF85F /* XCTest.framework */ = {isa = PBXFileReference; lastKnownFileType = wrapper.framework; name = XCTest.framework; path = Library/Frameworks/XCTest.framework; sourceTree = DEVELOPER_DIR; };
		A14279AB19502FB400DEF85F /* ngwspayTests-Info.plist */ = {isa = PBXFileReference; lastKnownFileType = text.plist.xml; path = "ngwspayTests-Info.plist"; sourceTree = "<group>"; };
		A14279AD19502FB400DEF85F /* en */ = {isa = PBXFileReference; lastKnownFileType = text.plist.strings; name = en; path = en.lproj/InfoPlist.strings; sourceTree = "<group>"; };
		A14279AF19502FB400DEF85F /* ngwspayTests.m */ = {isa = PBXFileReference; lastKnownFileType = sourcecode.c.objc; path = ngwspayTests.m; sourceTree = "<group>"; };
		A16622771952F418008BB890 /* OperatorsInit.h */ = {isa = PBXFileReference; fileEncoding = 4; lastKnownFileType = sourcecode.c.h; path = OperatorsInit.h; sourceTree = "<group>"; };
		A16622781952F418008BB890 /* OperatorsInit.m */ = {isa = PBXFileReference; fileEncoding = 4; lastKnownFileType = sourcecode.c.objc; path = OperatorsInit.m; sourceTree = "<group>"; };
		A166227A19532D14008BB890 /* OperatorsView.h */ = {isa = PBXFileReference; fileEncoding = 4; lastKnownFileType = sourcecode.c.h; path = OperatorsView.h; sourceTree = "<group>"; };
		A166227B19532D14008BB890 /* OperatorsView.m */ = {isa = PBXFileReference; fileEncoding = 4; lastKnownFileType = sourcecode.c.objc; path = OperatorsView.m; sourceTree = "<group>"; };
		A16D2FCC195178F600E22DDE /* ServicesInit.h */ = {isa = PBXFileReference; fileEncoding = 4; lastKnownFileType = sourcecode.c.h; path = ServicesInit.h; sourceTree = "<group>"; };
		A16D2FCD195178F600E22DDE /* ServicesInit.m */ = {isa = PBXFileReference; fileEncoding = 4; lastKnownFileType = sourcecode.c.objc; path = ServicesInit.m; sourceTree = "<group>"; };
		A1C39DBC19BD525D003C6546 /* refs.json */ = {isa = PBXFileReference; fileEncoding = 4; lastKnownFileType = text.json; name = refs.json; path = ../../../Telepay/refs.json; sourceTree = "<group>"; };
		A1C653B11950882600F19152 /* ngwspay.storyboard */ = {isa = PBXFileReference; fileEncoding = 4; lastKnownFileType = file.storyboard; path = ngwspay.storyboard; sourceTree = "<group>"; };
		A1C653B31950891300F19152 /* ServicesView.h */ = {isa = PBXFileReference; fileEncoding = 4; lastKnownFileType = sourcecode.c.h; path = ServicesView.h; sourceTree = "<group>"; };
		A1C653B41950891300F19152 /* ServicesView.m */ = {isa = PBXFileReference; fileEncoding = 4; lastKnownFileType = sourcecode.c.objc; path = ServicesView.m; sourceTree = "<group>"; };
		A1EB86481962648D0098F102 /* FormsView.h */ = {isa = PBXFileReference; fileEncoding = 4; lastKnownFileType = sourcecode.c.h; path = FormsView.h; sourceTree = "<group>"; };
		A1EB86491962648D0098F102 /* FormsView.m */ = {isa = PBXFileReference; fileEncoding = 4; lastKnownFileType = sourcecode.c.objc; path = FormsView.m; sourceTree = "<group>"; };
		A1EB864B196264A80098F102 /* FormsInit.h */ = {isa = PBXFileReference; fileEncoding = 4; lastKnownFileType = sourcecode.c.h; path = FormsInit.h; sourceTree = "<group>"; };
		A1EB864C196264A80098F102 /* FormsInit.m */ = {isa = PBXFileReference; fileEncoding = 4; lastKnownFileType = sourcecode.c.objc; path = FormsInit.m; sourceTree = "<group>"; };
/* End PBXFileReference section */

/* Begin PBXFrameworksBuildPhase section */
		A142798419502FB400DEF85F /* Frameworks */ = {
			isa = PBXFrameworksBuildPhase;
			buildActionMask = 2147483647;
			files = (
				A142798D19502FB400DEF85F /* CoreGraphics.framework in Frameworks */,
				A142798F19502FB400DEF85F /* UIKit.framework in Frameworks */,
				A142798B19502FB400DEF85F /* Foundation.framework in Frameworks */,
			);
			runOnlyForDeploymentPostprocessing = 0;
		};
		A142799F19502FB400DEF85F /* Frameworks */ = {
			isa = PBXFrameworksBuildPhase;
			buildActionMask = 2147483647;
			files = (
				A14279A419502FB400DEF85F /* XCTest.framework in Frameworks */,
				A14279A619502FB400DEF85F /* UIKit.framework in Frameworks */,
				A14279A519502FB400DEF85F /* Foundation.framework in Frameworks */,
			);
			runOnlyForDeploymentPostprocessing = 0;
		};
/* End PBXFrameworksBuildPhase section */

/* Begin PBXGroup section */
		A11005A019517E2800880AB0 /* Services */ = {
			isa = PBXGroup;
			children = (
				A1C653B31950891300F19152 /* ServicesView.h */,
				A1C653B41950891300F19152 /* ServicesView.m */,
				A16D2FCC195178F600E22DDE /* ServicesInit.h */,
				A16D2FCD195178F600E22DDE /* ServicesInit.m */,
			);
			name = Services;
			sourceTree = "<group>";
		};
		A142797E19502FB400DEF85F = {
			isa = PBXGroup;
			children = (
				A142799019502FB400DEF85F /* ngwspay */,
				A14279A919502FB400DEF85F /* ngwspayTests */,
				A142798919502FB400DEF85F /* Frameworks */,
				A142798819502FB400DEF85F /* Products */,
			);
			sourceTree = "<group>";
		};
		A142798819502FB400DEF85F /* Products */ = {
			isa = PBXGroup;
			children = (
				A142798719502FB400DEF85F /* ngwspay.app */,
				A14279A219502FB400DEF85F /* ngwspayTests.xctest */,
			);
			name = Products;
			sourceTree = "<group>";
		};
		A142798919502FB400DEF85F /* Frameworks */ = {
			isa = PBXGroup;
			children = (
				A142798A19502FB400DEF85F /* Foundation.framework */,
				A142798C19502FB400DEF85F /* CoreGraphics.framework */,
				A142798E19502FB400DEF85F /* UIKit.framework */,
				A14279A319502FB400DEF85F /* XCTest.framework */,
			);
			name = Frameworks;
			sourceTree = "<group>";
		};
		A142799019502FB400DEF85F /* ngwspay */ = {
			isa = PBXGroup;
			children = (
				A1F15A07195D87CA002C4FCA /* Forms */,
				A16622761952F402008BB890 /* Operators */,
				A11005A019517E2800880AB0 /* Services */,
				A142799919502FB400DEF85F /* AppDelegate.h */,
				A142799A19502FB400DEF85F /* AppDelegate.m */,
				A142799C19502FB400DEF85F /* Images.xcassets */,
				A142799119502FB400DEF85F /* Supporting Files */,
				A1C653B11950882600F19152 /* ngwspay.storyboard */,
			);
			path = ngwspay;
			sourceTree = "<group>";
		};
		A142799119502FB400DEF85F /* Supporting Files */ = {
			isa = PBXGroup;
			children = (
				A1C39DBC19BD525D003C6546 /* refs.json */,
				A142799219502FB400DEF85F /* ngwspay-Info.plist */,
				A142799319502FB400DEF85F /* InfoPlist.strings */,
				A142799619502FB400DEF85F /* main.m */,
				A142799819502FB400DEF85F /* ngwspay-Prefix.pch */,
			);
			name = "Supporting Files";
			sourceTree = "<group>";
		};
		A14279A919502FB400DEF85F /* ngwspayTests */ = {
			isa = PBXGroup;
			children = (
				A14279AF19502FB400DEF85F /* ngwspayTests.m */,
				A14279AA19502FB400DEF85F /* Supporting Files */,
			);
			path = ngwspayTests;
			sourceTree = "<group>";
		};
		A14279AA19502FB400DEF85F /* Supporting Files */ = {
			isa = PBXGroup;
			children = (
				A14279AB19502FB400DEF85F /* ngwspayTests-Info.plist */,
				A14279AC19502FB400DEF85F /* InfoPlist.strings */,
			);
			name = "Supporting Files";
			sourceTree = "<group>";
		};
		A16622761952F402008BB890 /* Operators */ = {
			isa = PBXGroup;
			children = (
				A16622771952F418008BB890 /* OperatorsInit.h */,
				A16622781952F418008BB890 /* OperatorsInit.m */,
				A166227A19532D14008BB890 /* OperatorsView.h */,
				A166227B19532D14008BB890 /* OperatorsView.m */,
			);
			name = Operators;
			sourceTree = "<group>";
		};
		A1F15A07195D87CA002C4FCA /* Forms */ = {
			isa = PBXGroup;
			children = (
				A1EB864B196264A80098F102 /* FormsInit.h */,
				A1EB864C196264A80098F102 /* FormsInit.m */,
				A1EB86481962648D0098F102 /* FormsView.h */,
				A1EB86491962648D0098F102 /* FormsView.m */,
			);
			name = Forms;
			sourceTree = "<group>";
		};
/* End PBXGroup section */

/* Begin PBXNativeTarget section */
		A142798619502FB400DEF85F /* ngwspay */ = {
			isa = PBXNativeTarget;
			buildConfigurationList = A14279B319502FB500DEF85F /* Build configuration list for PBXNativeTarget "ngwspay" */;
			buildPhases = (
				A142798319502FB400DEF85F /* Sources */,
				A142798419502FB400DEF85F /* Frameworks */,
				A142798519502FB400DEF85F /* Resources */,
			);
			buildRules = (
			);
			dependencies = (
			);
			name = ngwspay;
			productName = ngwspay;
			productReference = A142798719502FB400DEF85F /* ngwspay.app */;
			productType = "com.apple.product-type.application";
		};
		A14279A119502FB400DEF85F /* ngwspayTests */ = {
			isa = PBXNativeTarget;
			buildConfigurationList = A14279B619502FB500DEF85F /* Build configuration list for PBXNativeTarget "ngwspayTests" */;
			buildPhases = (
				A142799E19502FB400DEF85F /* Sources */,
				A142799F19502FB400DEF85F /* Frameworks */,
				A14279A019502FB400DEF85F /* Resources */,
			);
			buildRules = (
			);
			dependencies = (
				A14279A819502FB400DEF85F /* PBXTargetDependency */,
			);
			name = ngwspayTests;
			productName = ngwspayTests;
			productReference = A14279A219502FB400DEF85F /* ngwspayTests.xctest */;
			productType = "com.apple.product-type.bundle.unit-test";
		};
/* End PBXNativeTarget section */

/* Begin PBXProject section */
		A142797F19502FB400DEF85F /* Project object */ = {
			isa = PBXProject;
			attributes = {
				LastUpgradeCheck = 0510;
				ORGANIZATIONNAME = "Boris Kaloshin";
				TargetAttributes = {
					A14279A119502FB400DEF85F = {
						TestTargetID = A142798619502FB400DEF85F;
					};
				};
			};
			buildConfigurationList = A142798219502FB400DEF85F /* Build configuration list for PBXProject "ngwspay" */;
			compatibilityVersion = "Xcode 3.2";
			developmentRegion = English;
			hasScannedForEncodings = 0;
			knownRegions = (
				en,
			);
			mainGroup = A142797E19502FB400DEF85F;
			productRefGroup = A142798819502FB400DEF85F /* Products */;
			projectDirPath = "";
			projectRoot = "";
			targets = (
				A142798619502FB400DEF85F /* ngwspay */,
				A14279A119502FB400DEF85F /* ngwspayTests */,
			);
		};
/* End PBXProject section */

/* Begin PBXResourcesBuildPhase section */
		A142798519502FB400DEF85F /* Resources */ = {
			isa = PBXResourcesBuildPhase;
			buildActionMask = 2147483647;
			files = (
				A1C653B21950882600F19152 /* ngwspay.storyboard in Resources */,
				A1C39DBD19BD525D003C6546 /* refs.json in Resources */,
				A142799519502FB400DEF85F /* InfoPlist.strings in Resources */,
				A142799D19502FB400DEF85F /* Images.xcassets in Resources */,
			);
			runOnlyForDeploymentPostprocessing = 0;
		};
		A14279A019502FB400DEF85F /* Resources */ = {
			isa = PBXResourcesBuildPhase;
			buildActionMask = 2147483647;
			files = (
				A14279AE19502FB400DEF85F /* InfoPlist.strings in Resources */,
			);
			runOnlyForDeploymentPostprocessing = 0;
		};
/* End PBXResourcesBuildPhase section */

/* Begin PBXSourcesBuildPhase section */
		A142798319502FB400DEF85F /* Sources */ = {
			isa = PBXSourcesBuildPhase;
			buildActionMask = 2147483647;
			files = (
				A142799B19502FB400DEF85F /* AppDelegate.m in Sources */,
				A1EB864D196264A80098F102 /* FormsInit.m in Sources */,
				A16D2FCE195178F600E22DDE /* ServicesInit.m in Sources */,
				A166227C19532D14008BB890 /* OperatorsView.m in Sources */,
				A16622791952F418008BB890 /* OperatorsInit.m in Sources */,
				A1C653B51950891300F19152 /* ServicesView.m in Sources */,
				A1EB864A1962648D0098F102 /* FormsView.m in Sources */,
				A142799719502FB400DEF85F /* main.m in Sources */,
			);
			runOnlyForDeploymentPostprocessing = 0;
		};
		A142799E19502FB400DEF85F /* Sources */ = {
			isa = PBXSourcesBuildPhase;
			buildActionMask = 2147483647;
			files = (
				A14279B019502FB400DEF85F /* ngwspayTests.m in Sources */,
			);
			runOnlyForDeploymentPostprocessing = 0;
		};
/* End PBXSourcesBuildPhase section */

/* Begin PBXTargetDependency section */
		A14279A819502FB400DEF85F /* PBXTargetDependency */ = {
			isa = PBXTargetDependency;
			target = A142798619502FB400DEF85F /* ngwspay */;
			targetProxy = A14279A719502FB400DEF85F /* PBXContainerItemProxy */;
		};
/* End PBXTargetDependency section */

/* Begin PBXVariantGroup section */
		A142799319502FB400DEF85F /* InfoPlist.strings */ = {
			isa = PBXVariantGroup;
			children = (
				A142799419502FB400DEF85F /* en */,
			);
			name = InfoPlist.strings;
			sourceTree = "<group>";
		};
		A14279AC19502FB400DEF85F /* InfoPlist.strings */ = {
			isa = PBXVariantGroup;
			children = (
				A14279AD19502FB400DEF85F /* en */,
			);
			name = InfoPlist.strings;
			sourceTree = "<group>";
		};
/* End PBXVariantGroup section */

/* Begin XCBuildConfiguration section */
		A14279B119502FB400DEF85F /* Debug */ = {
			isa = XCBuildConfiguration;
			buildSettings = {
				ALWAYS_SEARCH_USER_PATHS = NO;
				CLANG_CXX_LANGUAGE_STANDARD = "gnu++0x";
				CLANG_CXX_LIBRARY = "libc++";
				CLANG_ENABLE_MODULES = YES;
				CLANG_ENABLE_OBJC_ARC = YES;
				CLANG_WARN_BOOL_CONVERSION = YES;
				CLANG_WARN_CONSTANT_CONVERSION = YES;
				CLANG_WARN_DIRECT_OBJC_ISA_USAGE = YES_ERROR;
				CLANG_WARN_EMPTY_BODY = YES;
				CLANG_WARN_ENUM_CONVERSION = YES;
				CLANG_WARN_INT_CONVERSION = YES;
				CLANG_WARN_OBJC_ROOT_CLASS = YES_ERROR;
				CLANG_WARN__DUPLICATE_METHOD_MATCH = YES;
				"CODE_SIGN_IDENTITY[sdk=iphoneos*]" = "iPhone Developer";
				COPY_PHASE_STRIP = NO;
				GCC_C_LANGUAGE_STANDARD = gnu99;
				GCC_DYNAMIC_NO_PIC = NO;
				GCC_OPTIMIZATION_LEVEL = 0;
				GCC_PREPROCESSOR_DEFINITIONS = (
					"DEBUG=1",
					"$(inherited)",
				);
				GCC_SYMBOLS_PRIVATE_EXTERN = NO;
				GCC_WARN_64_TO_32_BIT_CONVERSION = YES;
				GCC_WARN_ABOUT_RETURN_TYPE = YES_ERROR;
				GCC_WARN_UNDECLARED_SELECTOR = YES;
				GCC_WARN_UNINITIALIZED_AUTOS = YES_AGGRESSIVE;
				GCC_WARN_UNUSED_FUNCTION = YES;
				GCC_WARN_UNUSED_VARIABLE = YES;
				IPHONEOS_DEPLOYMENT_TARGET = 7.1;
				ONLY_ACTIVE_ARCH = YES;
				SDKROOT = iphoneos;
			};
			name = Debug;
		};
		A14279B219502FB400DEF85F /* Release */ = {
			isa = XCBuildConfiguration;
			buildSettings = {
				ALWAYS_SEARCH_USER_PATHS = NO;
				CLANG_CXX_LANGUAGE_STANDARD = "gnu++0x";
				CLANG_CXX_LIBRARY = "libc++";
				CLANG_ENABLE_MODULES = YES;
				CLANG_ENABLE_OBJC_ARC = YES;
				CLANG_WARN_BOOL_CONVERSION = YES;
				CLANG_WARN_CONSTANT_CONVERSION = YES;
				CLANG_WARN_DIRECT_OBJC_ISA_USAGE = YES_ERROR;
				CLANG_WARN_EMPTY_BODY = YES;
				CLANG_WARN_ENUM_CONVERSION = YES;
				CLANG_WARN_INT_CONVERSION = YES;
				CLANG_WARN_OBJC_ROOT_CLASS = YES_ERROR;
				CLANG_WARN__DUPLICATE_METHOD_MATCH = YES;
				"CODE_SIGN_IDENTITY[sdk=iphoneos*]" = "iPhone Developer";
				COPY_PHASE_STRIP = YES;
				ENABLE_NS_ASSERTIONS = NO;
				GCC_C_LANGUAGE_STANDARD = gnu99;
				GCC_WARN_64_TO_32_BIT_CONVERSION = YES;
				GCC_WARN_ABOUT_RETURN_TYPE = YES_ERROR;
				GCC_WARN_UNDECLARED_SELECTOR = YES;
				GCC_WARN_UNINITIALIZED_AUTOS = YES_AGGRESSIVE;
				GCC_WARN_UNUSED_FUNCTION = YES;
				GCC_WARN_UNUSED_VARIABLE = YES;
				IPHONEOS_DEPLOYMENT_TARGET = 7.1;
				SDKROOT = iphoneos;
				VALIDATE_PRODUCT = YES;
			};
			name = Release;
		};
		A14279B419502FB500DEF85F /* Debug */ = {
			isa = XCBuildConfiguration;
			buildSettings = {
				ASSETCATALOG_COMPILER_APPICON_NAME = AppIcon;
				ASSETCATALOG_COMPILER_LAUNCHIMAGE_NAME = LaunchImage;
				GCC_PRECOMPILE_PREFIX_HEADER = YES;
				GCC_PREFIX_HEADER = "ngwspay/ngwspay-Prefix.pch";
				INFOPLIST_FILE = "ngwspay/ngwspay-Info.plist";
				PRODUCT_NAME = "$(TARGET_NAME)";
				WRAPPER_EXTENSION = app;
			};
			name = Debug;
		};
		A14279B519502FB500DEF85F /* Release */ = {
			isa = XCBuildConfiguration;
			buildSettings = {
				ASSETCATALOG_COMPILER_APPICON_NAME = AppIcon;
				ASSETCATALOG_COMPILER_LAUNCHIMAGE_NAME = LaunchImage;
				GCC_PRECOMPILE_PREFIX_HEADER = YES;
				GCC_PREFIX_HEADER = "ngwspay/ngwspay-Prefix.pch";
				INFOPLIST_FILE = "ngwspay/ngwspay-Info.plist";
				PRODUCT_NAME = "$(TARGET_NAME)";
				WRAPPER_EXTENSION = app;
			};
			name = Release;
		};
		A14279B719502FB500DEF85F /* Debug */ = {
			isa = XCBuildConfiguration;
			buildSettings = {
				BUNDLE_LOADER = "$(BUILT_PRODUCTS_DIR)/ngwspay.app/ngwspay";
				FRAMEWORK_SEARCH_PATHS = (
					"$(SDKROOT)/Developer/Library/Frameworks",
					"$(inherited)",
					"$(DEVELOPER_FRAMEWORKS_DIR)",
				);
				GCC_PRECOMPILE_PREFIX_HEADER = YES;
				GCC_PREFIX_HEADER = "ngwspay/ngwspay-Prefix.pch";
				GCC_PREPROCESSOR_DEFINITIONS = (
					"DEBUG=1",
					"$(inherited)",
				);
				INFOPLIST_FILE = "ngwspayTests/ngwspayTests-Info.plist";
				PRODUCT_NAME = "$(TARGET_NAME)";
				TEST_HOST = "$(BUNDLE_LOADER)";
				WRAPPER_EXTENSION = xctest;
			};
			name = Debug;
		};
		A14279B819502FB500DEF85F /* Release */ = {
			isa = XCBuildConfiguration;
			buildSettings = {
				BUNDLE_LOADER = "$(BUILT_PRODUCTS_DIR)/ngwspay.app/ngwspay";
				FRAMEWORK_SEARCH_PATHS = (
					"$(SDKROOT)/Developer/Library/Frameworks",
					"$(inherited)",
					"$(DEVELOPER_FRAMEWORKS_DIR)",
				);
				GCC_PRECOMPILE_PREFIX_HEADER = YES;
				GCC_PREFIX_HEADER = "ngwspay/ngwspay-Prefix.pch";
				INFOPLIST_FILE = "ngwspayTests/ngwspayTests-Info.plist";
				PRODUCT_NAME = "$(TARGET_NAME)";
				TEST_HOST = "$(BUNDLE_LOADER)";
				WRAPPER_EXTENSION = xctest;
			};
			name = Release;
		};
/* End XCBuildConfiguration section */

/* Begin XCConfigurationList section */
		A142798219502FB400DEF85F /* Build configuration list for PBXProject "ngwspay" */ = {
			isa = XCConfigurationList;
			buildConfigurations = (
				A14279B119502FB400DEF85F /* Debug */,
				A14279B219502FB400DEF85F /* Release */,
			);
			defaultConfigurationIsVisible = 0;
			defaultConfigurationName = Release;
		};
		A14279B319502FB500DEF85F /* Build configuration list for PBXNativeTarget "ngwspay" */ = {
			isa = XCConfigurationList;
			buildConfigurations = (
				A14279B419502FB500DEF85F /* Debug */,
				A14279B519502FB500DEF85F /* Release */,
			);
			defaultConfigurationIsVisible = 0;
			defaultConfigurationName = Release;
		};
		A14279B619502FB500DEF85F /* Build configuration list for PBXNativeTarget "ngwspayTests" */ = {
			isa = XCConfigurationList;
			buildConfigurations = (
				A14279B719502FB500DEF85F /* Debug */,
				A14279B819502FB500DEF85F /* Release */,
			);
			defaultConfigurationIsVisible = 0;
			defaultConfigurationName = Release;
		};
/* End XCConfigurationList section */
	};
	rootObject = A142797F19502FB400DEF85F /* Project object */;
}
